// !$*UTF8*$!
{
	archiveVersion = 1;
	classes = {
	};
	objectVersion = 56;
	objects = {

/* Begin PBXBuildFile section */
		1E90E7E82C7FFA730063FA1C /* AppDelegate.swift in Sources */ = {isa = PBXBuildFile; fileRef = 1E90E7E72C7FFA730063FA1C /* AppDelegate.swift */; };
		1E90E7EA2C7FFA730063FA1C /* SceneDelegate.swift in Sources */ = {isa = PBXBuildFile; fileRef = 1E90E7E92C7FFA730063FA1C /* SceneDelegate.swift */; };
		1E90E7EC2C7FFA730063FA1C /* WeatherMapsAppView.swift in Sources */ = {isa = PBXBuildFile; fileRef = 1E90E7EB2C7FFA730063FA1C /* WeatherMapsAppView.swift */; };
		1E90E7EF2C7FFA730063FA1C /* Main.storyboard in Resources */ = {isa = PBXBuildFile; fileRef = 1E90E7ED2C7FFA730063FA1C /* Main.storyboard */; };
		1E90E7F12C7FFA750063FA1C /* Assets.xcassets in Resources */ = {isa = PBXBuildFile; fileRef = 1E90E7F02C7FFA750063FA1C /* Assets.xcassets */; };
		1E90E7F42C7FFA750063FA1C /* LaunchScreen.storyboard in Resources */ = {isa = PBXBuildFile; fileRef = 1E90E7F22C7FFA750063FA1C /* LaunchScreen.storyboard */; };
		1E90E7FF2C7FFA750063FA1C /* WeatherMapsAppTests.swift in Sources */ = {isa = PBXBuildFile; fileRef = 1E90E7FE2C7FFA750063FA1C /* WeatherMapsAppTests.swift */; };
		1E90E8092C7FFA750063FA1C /* WeatherMapsAppUITests.swift in Sources */ = {isa = PBXBuildFile; fileRef = 1E90E8082C7FFA750063FA1C /* WeatherMapsAppUITests.swift */; };
		1E90E80B2C7FFA750063FA1C /* WeatherMapsAppUITestsLaunchTests.swift in Sources */ = {isa = PBXBuildFile; fileRef = 1E90E80A2C7FFA750063FA1C /* WeatherMapsAppUITestsLaunchTests.swift */; };
		1E90E8192C7FFD420063FA1C /* WeatherMapsAppPresenter.swift in Sources */ = {isa = PBXBuildFile; fileRef = 1E90E8182C7FFD420063FA1C /* WeatherMapsAppPresenter.swift */; };
		1E90E81B2C7FFD4D0063FA1C /* WeatherMapsAppInteractor.swift in Sources */ = {isa = PBXBuildFile; fileRef = 1E90E81A2C7FFD4D0063FA1C /* WeatherMapsAppInteractor.swift */; };
		1E90E81D2C7FFD5A0063FA1C /* WeatherMapsAppEntity.swift in Sources */ = {isa = PBXBuildFile; fileRef = 1E90E81C2C7FFD5A0063FA1C /* WeatherMapsAppEntity.swift */; };
		1E90E81F2C7FFD640063FA1C /* WeatherMapsAppRouter.swift in Sources */ = {isa = PBXBuildFile; fileRef = 1E90E81E2C7FFD640063FA1C /* WeatherMapsAppRouter.swift */; };
/* End PBXBuildFile section */

/* Begin PBXContainerItemProxy section */
		1E90E7FB2C7FFA750063FA1C /* PBXContainerItemProxy */ = {
			isa = PBXContainerItemProxy;
			containerPortal = 1E90E7DC2C7FFA730063FA1C /* Project object */;
			proxyType = 1;
			remoteGlobalIDString = 1E90E7E32C7FFA730063FA1C;
			remoteInfo = WeatherMapsApp;
		};
		1E90E8052C7FFA750063FA1C /* PBXContainerItemProxy */ = {
			isa = PBXContainerItemProxy;
			containerPortal = 1E90E7DC2C7FFA730063FA1C /* Project object */;
			proxyType = 1;
			remoteGlobalIDString = 1E90E7E32C7FFA730063FA1C;
			remoteInfo = WeatherMapsApp;
		};
/* End PBXContainerItemProxy section */

/* Begin PBXFileReference section */
		1E90E7E42C7FFA730063FA1C /* WeatherMapsApp.app */ = {isa = PBXFileReference; explicitFileType = wrapper.application; includeInIndex = 0; path = WeatherMapsApp.app; sourceTree = BUILT_PRODUCTS_DIR; };
		1E90E7E72C7FFA730063FA1C /* AppDelegate.swift */ = {isa = PBXFileReference; lastKnownFileType = sourcecode.swift; path = AppDelegate.swift; sourceTree = "<group>"; };
		1E90E7E92C7FFA730063FA1C /* SceneDelegate.swift */ = {isa = PBXFileReference; lastKnownFileType = sourcecode.swift; path = SceneDelegate.swift; sourceTree = "<group>"; };
		1E90E7EB2C7FFA730063FA1C /* WeatherMapsAppView.swift */ = {isa = PBXFileReference; lastKnownFileType = sourcecode.swift; path = WeatherMapsAppView.swift; sourceTree = "<group>"; };
		1E90E7EE2C7FFA730063FA1C /* Base */ = {isa = PBXFileReference; lastKnownFileType = file.storyboard; name = Base; path = Base.lproj/Main.storyboard; sourceTree = "<group>"; };
		1E90E7F02C7FFA750063FA1C /* Assets.xcassets */ = {isa = PBXFileReference; lastKnownFileType = folder.assetcatalog; path = Assets.xcassets; sourceTree = "<group>"; };
		1E90E7F32C7FFA750063FA1C /* Base */ = {isa = PBXFileReference; lastKnownFileType = file.storyboard; name = Base; path = Base.lproj/LaunchScreen.storyboard; sourceTree = "<group>"; };
		1E90E7F52C7FFA750063FA1C /* Info.plist */ = {isa = PBXFileReference; lastKnownFileType = text.plist.xml; path = Info.plist; sourceTree = "<group>"; };
		1E90E7FA2C7FFA750063FA1C /* WeatherMapsAppTests.xctest */ = {isa = PBXFileReference; explicitFileType = wrapper.cfbundle; includeInIndex = 0; path = WeatherMapsAppTests.xctest; sourceTree = BUILT_PRODUCTS_DIR; };
		1E90E7FE2C7FFA750063FA1C /* WeatherMapsAppTests.swift */ = {isa = PBXFileReference; lastKnownFileType = sourcecode.swift; path = WeatherMapsAppTests.swift; sourceTree = "<group>"; };
		1E90E8042C7FFA750063FA1C /* WeatherMapsAppUITests.xctest */ = {isa = PBXFileReference; explicitFileType = wrapper.cfbundle; includeInIndex = 0; path = WeatherMapsAppUITests.xctest; sourceTree = BUILT_PRODUCTS_DIR; };
		1E90E8082C7FFA750063FA1C /* WeatherMapsAppUITests.swift */ = {isa = PBXFileReference; lastKnownFileType = sourcecode.swift; path = WeatherMapsAppUITests.swift; sourceTree = "<group>"; };
		1E90E80A2C7FFA750063FA1C /* WeatherMapsAppUITestsLaunchTests.swift */ = {isa = PBXFileReference; lastKnownFileType = sourcecode.swift; path = WeatherMapsAppUITestsLaunchTests.swift; sourceTree = "<group>"; };
		1E90E8182C7FFD420063FA1C /* WeatherMapsAppPresenter.swift */ = {isa = PBXFileReference; lastKnownFileType = sourcecode.swift; path = WeatherMapsAppPresenter.swift; sourceTree = "<group>"; };
		1E90E81A2C7FFD4D0063FA1C /* WeatherMapsAppInteractor.swift */ = {isa = PBXFileReference; lastKnownFileType = sourcecode.swift; path = WeatherMapsAppInteractor.swift; sourceTree = "<group>"; };
		1E90E81C2C7FFD5A0063FA1C /* WeatherMapsAppEntity.swift */ = {isa = PBXFileReference; lastKnownFileType = sourcecode.swift; path = WeatherMapsAppEntity.swift; sourceTree = "<group>"; };
		1E90E81E2C7FFD640063FA1C /* WeatherMapsAppRouter.swift */ = {isa = PBXFileReference; lastKnownFileType = sourcecode.swift; path = WeatherMapsAppRouter.swift; sourceTree = "<group>"; };
/* End PBXFileReference section */

/* Begin PBXFrameworksBuildPhase section */
		1E90E7E12C7FFA730063FA1C /* Frameworks */ = {
			isa = PBXFrameworksBuildPhase;
			buildActionMask = 2147483647;
			files = (
			);
			runOnlyForDeploymentPostprocessing = 0;
		};
		1E90E7F72C7FFA750063FA1C /* Frameworks */ = {
			isa = PBXFrameworksBuildPhase;
			buildActionMask = 2147483647;
			files = (
			);
			runOnlyForDeploymentPostprocessing = 0;
		};
		1E90E8012C7FFA750063FA1C /* Frameworks */ = {
			isa = PBXFrameworksBuildPhase;
			buildActionMask = 2147483647;
			files = (
			);
			runOnlyForDeploymentPostprocessing = 0;
		};
/* End PBXFrameworksBuildPhase section */

/* Begin PBXGroup section */
		1E90E7DB2C7FFA730063FA1C = {
			isa = PBXGroup;
			children = (
				1E90E7E62C7FFA730063FA1C /* WeatherMapsApp */,
				1E90E7FD2C7FFA750063FA1C /* WeatherMapsAppTests */,
				1E90E8072C7FFA750063FA1C /* WeatherMapsAppUITests */,
				1E90E7E52C7FFA730063FA1C /* Products */,
			);
			sourceTree = "<group>";
		};
		1E90E7E52C7FFA730063FA1C /* Products */ = {
			isa = PBXGroup;
			children = (
				1E90E7E42C7FFA730063FA1C /* WeatherMapsApp.app */,
				1E90E7FA2C7FFA750063FA1C /* WeatherMapsAppTests.xctest */,
				1E90E8042C7FFA750063FA1C /* WeatherMapsAppUITests.xctest */,
			);
			name = Products;
			sourceTree = "<group>";
		};
		1E90E7E62C7FFA730063FA1C /* WeatherMapsApp */ = {
			isa = PBXGroup;
			children = (
				1E90E8172C7FFCBA0063FA1C /* WeatherMapsApp */,
				1E90E7E72C7FFA730063FA1C /* AppDelegate.swift */,
				1E90E7E92C7FFA730063FA1C /* SceneDelegate.swift */,
				1E90E7F02C7FFA750063FA1C /* Assets.xcassets */,
				1E90E7F22C7FFA750063FA1C /* LaunchScreen.storyboard */,
				1E90E7F52C7FFA750063FA1C /* Info.plist */,
			);
			path = WeatherMapsApp;
			sourceTree = "<group>";
		};
		1E90E7FD2C7FFA750063FA1C /* WeatherMapsAppTests */ = {
			isa = PBXGroup;
			children = (
				1E90E7FE2C7FFA750063FA1C /* WeatherMapsAppTests.swift */,
			);
			path = WeatherMapsAppTests;
			sourceTree = "<group>";
		};
		1E90E8072C7FFA750063FA1C /* WeatherMapsAppUITests */ = {
			isa = PBXGroup;
			children = (
				1E90E8082C7FFA750063FA1C /* WeatherMapsAppUITests.swift */,
				1E90E80A2C7FFA750063FA1C /* WeatherMapsAppUITestsLaunchTests.swift */,
			);
			path = WeatherMapsAppUITests;
			sourceTree = "<group>";
		};
		1E90E8172C7FFCBA0063FA1C /* WeatherMapsApp */ = {
			isa = PBXGroup;
			children = (
				1E90E7EB2C7FFA730063FA1C /* WeatherMapsAppView.swift */,
				1E90E7ED2C7FFA730063FA1C /* Main.storyboard */,
				1E90E8182C7FFD420063FA1C /* WeatherMapsAppPresenter.swift */,
				1E90E81A2C7FFD4D0063FA1C /* WeatherMapsAppInteractor.swift */,
				1E90E81C2C7FFD5A0063FA1C /* WeatherMapsAppEntity.swift */,
				1E90E81E2C7FFD640063FA1C /* WeatherMapsAppRouter.swift */,
			);
			path = WeatherMapsApp;
			sourceTree = "<group>";
		};
/* End PBXGroup section */

/* Begin PBXNativeTarget section */
		1E90E7E32C7FFA730063FA1C /* WeatherMapsApp */ = {
			isa = PBXNativeTarget;
			buildConfigurationList = 1E90E80E2C7FFA750063FA1C /* Build configuration list for PBXNativeTarget "WeatherMapsApp" */;
			buildPhases = (
				1E90E7E02C7FFA730063FA1C /* Sources */,
				1E90E7E12C7FFA730063FA1C /* Frameworks */,
				1E90E7E22C7FFA730063FA1C /* Resources */,
			);
			buildRules = (
			);
			dependencies = (
			);
			name = WeatherMapsApp;
			productName = WeatherMapsApp;
			productReference = 1E90E7E42C7FFA730063FA1C /* WeatherMapsApp.app */;
			productType = "com.apple.product-type.application";
		};
		1E90E7F92C7FFA750063FA1C /* WeatherMapsAppTests */ = {
			isa = PBXNativeTarget;
			buildConfigurationList = 1E90E8112C7FFA750063FA1C /* Build configuration list for PBXNativeTarget "WeatherMapsAppTests" */;
			buildPhases = (
				1E90E7F62C7FFA750063FA1C /* Sources */,
				1E90E7F72C7FFA750063FA1C /* Frameworks */,
				1E90E7F82C7FFA750063FA1C /* Resources */,
			);
			buildRules = (
			);
			dependencies = (
				1E90E7FC2C7FFA750063FA1C /* PBXTargetDependency */,
			);
			name = WeatherMapsAppTests;
			productName = WeatherMapsAppTests;
			productReference = 1E90E7FA2C7FFA750063FA1C /* WeatherMapsAppTests.xctest */;
			productType = "com.apple.product-type.bundle.unit-test";
		};
		1E90E8032C7FFA750063FA1C /* WeatherMapsAppUITests */ = {
			isa = PBXNativeTarget;
			buildConfigurationList = 1E90E8142C7FFA750063FA1C /* Build configuration list for PBXNativeTarget "WeatherMapsAppUITests" */;
			buildPhases = (
				1E90E8002C7FFA750063FA1C /* Sources */,
				1E90E8012C7FFA750063FA1C /* Frameworks */,
				1E90E8022C7FFA750063FA1C /* Resources */,
			);
			buildRules = (
			);
			dependencies = (
				1E90E8062C7FFA750063FA1C /* PBXTargetDependency */,
			);
			name = WeatherMapsAppUITests;
			productName = WeatherMapsAppUITests;
			productReference = 1E90E8042C7FFA750063FA1C /* WeatherMapsAppUITests.xctest */;
			productType = "com.apple.product-type.bundle.ui-testing";
		};
/* End PBXNativeTarget section */

/* Begin PBXProject section */
		1E90E7DC2C7FFA730063FA1C /* Project object */ = {
			isa = PBXProject;
			attributes = {
				BuildIndependentTargetsInParallel = 1;
				LastSwiftUpdateCheck = 1500;
				LastUpgradeCheck = 1500;
				TargetAttributes = {
					1E90E7E32C7FFA730063FA1C = {
						CreatedOnToolsVersion = 15.0;
					};
					1E90E7F92C7FFA750063FA1C = {
						CreatedOnToolsVersion = 15.0;
						TestTargetID = 1E90E7E32C7FFA730063FA1C;
					};
					1E90E8032C7FFA750063FA1C = {
						CreatedOnToolsVersion = 15.0;
						TestTargetID = 1E90E7E32C7FFA730063FA1C;
					};
				};
			};
			buildConfigurationList = 1E90E7DF2C7FFA730063FA1C /* Build configuration list for PBXProject "WeatherMapsApp" */;
			compatibilityVersion = "Xcode 14.0";
			developmentRegion = en;
			hasScannedForEncodings = 0;
			knownRegions = (
				en,
				Base,
			);
			mainGroup = 1E90E7DB2C7FFA730063FA1C;
			productRefGroup = 1E90E7E52C7FFA730063FA1C /* Products */;
			projectDirPath = "";
			projectRoot = "";
			targets = (
				1E90E7E32C7FFA730063FA1C /* WeatherMapsApp */,
				1E90E7F92C7FFA750063FA1C /* WeatherMapsAppTests */,
				1E90E8032C7FFA750063FA1C /* WeatherMapsAppUITests */,
			);
		};
/* End PBXProject section */

/* Begin PBXResourcesBuildPhase section */
		1E90E7E22C7FFA730063FA1C /* Resources */ = {
			isa = PBXResourcesBuildPhase;
			buildActionMask = 2147483647;
			files = (
				1E90E7F42C7FFA750063FA1C /* LaunchScreen.storyboard in Resources */,
				1E90E7F12C7FFA750063FA1C /* Assets.xcassets in Resources */,
				1E90E7EF2C7FFA730063FA1C /* Main.storyboard in Resources */,
			);
			runOnlyForDeploymentPostprocessing = 0;
		};
		1E90E7F82C7FFA750063FA1C /* Resources */ = {
			isa = PBXResourcesBuildPhase;
			buildActionMask = 2147483647;
			files = (
			);
			runOnlyForDeploymentPostprocessing = 0;
		};
		1E90E8022C7FFA750063FA1C /* Resources */ = {
			isa = PBXResourcesBuildPhase;
			buildActionMask = 2147483647;
			files = (
			);
			runOnlyForDeploymentPostprocessing = 0;
		};
/* End PBXResourcesBuildPhase section */

/* Begin PBXSourcesBuildPhase section */
		1E90E7E02C7FFA730063FA1C /* Sources */ = {
			isa = PBXSourcesBuildPhase;
			buildActionMask = 2147483647;
			files = (
				1E90E7EC2C7FFA730063FA1C /* WeatherMapsAppView.swift in Sources */,
				1E90E7E82C7FFA730063FA1C /* AppDelegate.swift in Sources */,
				1E90E81D2C7FFD5A0063FA1C /* WeatherMapsAppEntity.swift in Sources */,
				1E90E81B2C7FFD4D0063FA1C /* WeatherMapsAppInteractor.swift in Sources */,
				1E90E8192C7FFD420063FA1C /* WeatherMapsAppPresenter.swift in Sources */,
				1E90E7EA2C7FFA730063FA1C /* SceneDelegate.swift in Sources */,
				1E90E81F2C7FFD640063FA1C /* WeatherMapsAppRouter.swift in Sources */,
			);
			runOnlyForDeploymentPostprocessing = 0;
		};
		1E90E7F62C7FFA750063FA1C /* Sources */ = {
			isa = PBXSourcesBuildPhase;
			buildActionMask = 2147483647;
			files = (
				1E90E7FF2C7FFA750063FA1C /* WeatherMapsAppTests.swift in Sources */,
			);
			runOnlyForDeploymentPostprocessing = 0;
		};
		1E90E8002C7FFA750063FA1C /* Sources */ = {
			isa = PBXSourcesBuildPhase;
			buildActionMask = 2147483647;
			files = (
				1E90E80B2C7FFA750063FA1C /* WeatherMapsAppUITestsLaunchTests.swift in Sources */,
				1E90E8092C7FFA750063FA1C /* WeatherMapsAppUITests.swift in Sources */,
			);
			runOnlyForDeploymentPostprocessing = 0;
		};
/* End PBXSourcesBuildPhase section */

/* Begin PBXTargetDependency section */
		1E90E7FC2C7FFA750063FA1C /* PBXTargetDependency */ = {
			isa = PBXTargetDependency;
			target = 1E90E7E32C7FFA730063FA1C /* WeatherMapsApp */;
			targetProxy = 1E90E7FB2C7FFA750063FA1C /* PBXContainerItemProxy */;
		};
		1E90E8062C7FFA750063FA1C /* PBXTargetDependency */ = {
			isa = PBXTargetDependency;
			target = 1E90E7E32C7FFA730063FA1C /* WeatherMapsApp */;
			targetProxy = 1E90E8052C7FFA750063FA1C /* PBXContainerItemProxy */;
		};
/* End PBXTargetDependency section */

/* Begin PBXVariantGroup section */
		1E90E7ED2C7FFA730063FA1C /* Main.storyboard */ = {
			isa = PBXVariantGroup;
			children = (
				1E90E7EE2C7FFA730063FA1C /* Base */,
			);
			name = Main.storyboard;
			sourceTree = "<group>";
		};
		1E90E7F22C7FFA750063FA1C /* LaunchScreen.storyboard */ = {
			isa = PBXVariantGroup;
			children = (
				1E90E7F32C7FFA750063FA1C /* Base */,
			);
			name = LaunchScreen.storyboard;
			sourceTree = "<group>";
		};
/* End PBXVariantGroup section */

/* Begin XCBuildConfiguration section */
		1E90E80C2C7FFA750063FA1C /* Debug */ = {
			isa = XCBuildConfiguration;
			buildSettings = {
				ALWAYS_SEARCH_USER_PATHS = NO;
				ASSETCATALOG_COMPILER_GENERATE_SWIFT_ASSET_SYMBOL_EXTENSIONS = YES;
				CLANG_ANALYZER_NONNULL = YES;
				CLANG_ANALYZER_NUMBER_OBJECT_CONVERSION = YES_AGGRESSIVE;
				CLANG_CXX_LANGUAGE_STANDARD = "gnu++20";
				CLANG_ENABLE_MODULES = YES;
				CLANG_ENABLE_OBJC_ARC = YES;
				CLANG_ENABLE_OBJC_WEAK = YES;
				CLANG_WARN_BLOCK_CAPTURE_AUTORELEASING = YES;
				CLANG_WARN_BOOL_CONVERSION = YES;
				CLANG_WARN_COMMA = YES;
				CLANG_WARN_CONSTANT_CONVERSION = YES;
				CLANG_WARN_DEPRECATED_OBJC_IMPLEMENTATIONS = YES;
				CLANG_WARN_DIRECT_OBJC_ISA_USAGE = YES_ERROR;
				CLANG_WARN_DOCUMENTATION_COMMENTS = YES;
				CLANG_WARN_EMPTY_BODY = YES;
				CLANG_WARN_ENUM_CONVERSION = YES;
				CLANG_WARN_INFINITE_RECURSION = YES;
				CLANG_WARN_INT_CONVERSION = YES;
				CLANG_WARN_NON_LITERAL_NULL_CONVERSION = YES;
				CLANG_WARN_OBJC_IMPLICIT_RETAIN_SELF = YES;
				CLANG_WARN_OBJC_LITERAL_CONVERSION = YES;
				CLANG_WARN_OBJC_ROOT_CLASS = YES_ERROR;
				CLANG_WARN_QUOTED_INCLUDE_IN_FRAMEWORK_HEADER = YES;
				CLANG_WARN_RANGE_LOOP_ANALYSIS = YES;
				CLANG_WARN_STRICT_PROTOTYPES = YES;
				CLANG_WARN_SUSPICIOUS_MOVE = YES;
				CLANG_WARN_UNGUARDED_AVAILABILITY = YES_AGGRESSIVE;
				CLANG_WARN_UNREACHABLE_CODE = YES;
				CLANG_WARN__DUPLICATE_METHOD_MATCH = YES;
				COPY_PHASE_STRIP = NO;
				DEBUG_INFORMATION_FORMAT = dwarf;
				ENABLE_STRICT_OBJC_MSGSEND = YES;
				ENABLE_TESTABILITY = YES;
				ENABLE_USER_SCRIPT_SANDBOXING = YES;
				GCC_C_LANGUAGE_STANDARD = gnu17;
				GCC_DYNAMIC_NO_PIC = NO;
				GCC_NO_COMMON_BLOCKS = YES;
				GCC_OPTIMIZATION_LEVEL = 0;
				GCC_PREPROCESSOR_DEFINITIONS = (
					"DEBUG=1",
					"$(inherited)",
				);
				GCC_WARN_64_TO_32_BIT_CONVERSION = YES;
				GCC_WARN_ABOUT_RETURN_TYPE = YES_ERROR;
				GCC_WARN_UNDECLARED_SELECTOR = YES;
				GCC_WARN_UNINITIALIZED_AUTOS = YES_AGGRESSIVE;
				GCC_WARN_UNUSED_FUNCTION = YES;
				GCC_WARN_UNUSED_VARIABLE = YES;
				IPHONEOS_DEPLOYMENT_TARGET = 17.0;
				LOCALIZATION_PREFERS_STRING_CATALOGS = YES;
				MTL_ENABLE_DEBUG_INFO = INCLUDE_SOURCE;
				MTL_FAST_MATH = YES;
				ONLY_ACTIVE_ARCH = YES;
				SDKROOT = iphoneos;
				SWIFT_ACTIVE_COMPILATION_CONDITIONS = "DEBUG $(inherited)";
				SWIFT_OPTIMIZATION_LEVEL = "-Onone";
			};
			name = Debug;
		};
		1E90E80D2C7FFA750063FA1C /* Release */ = {
			isa = XCBuildConfiguration;
			buildSettings = {
				ALWAYS_SEARCH_USER_PATHS = NO;
				ASSETCATALOG_COMPILER_GENERATE_SWIFT_ASSET_SYMBOL_EXTENSIONS = YES;
				CLANG_ANALYZER_NONNULL = YES;
				CLANG_ANALYZER_NUMBER_OBJECT_CONVERSION = YES_AGGRESSIVE;
				CLANG_CXX_LANGUAGE_STANDARD = "gnu++20";
				CLANG_ENABLE_MODULES = YES;
				CLANG_ENABLE_OBJC_ARC = YES;
				CLANG_ENABLE_OBJC_WEAK = YES;
				CLANG_WARN_BLOCK_CAPTURE_AUTORELEASING = YES;
				CLANG_WARN_BOOL_CONVERSION = YES;
				CLANG_WARN_COMMA = YES;
				CLANG_WARN_CONSTANT_CONVERSION = YES;
				CLANG_WARN_DEPRECATED_OBJC_IMPLEMENTATIONS = YES;
				CLANG_WARN_DIRECT_OBJC_ISA_USAGE = YES_ERROR;
				CLANG_WARN_DOCUMENTATION_COMMENTS = YES;
				CLANG_WARN_EMPTY_BODY = YES;
				CLANG_WARN_ENUM_CONVERSION = YES;
				CLANG_WARN_INFINITE_RECURSION = YES;
				CLANG_WARN_INT_CONVERSION = YES;
				CLANG_WARN_NON_LITERAL_NULL_CONVERSION = YES;
				CLANG_WARN_OBJC_IMPLICIT_RETAIN_SELF = YES;
				CLANG_WARN_OBJC_LITERAL_CONVERSION = YES;
				CLANG_WARN_OBJC_ROOT_CLASS = YES_ERROR;
				CLANG_WARN_QUOTED_INCLUDE_IN_FRAMEWORK_HEADER = YES;
				CLANG_WARN_RANGE_LOOP_ANALYSIS = YES;
				CLANG_WARN_STRICT_PROTOTYPES = YES;
				CLANG_WARN_SUSPICIOUS_MOVE = YES;
				CLANG_WARN_UNGUARDED_AVAILABILITY = YES_AGGRESSIVE;
				CLANG_WARN_UNREACHABLE_CODE = YES;
				CLANG_WARN__DUPLICATE_METHOD_MATCH = YES;
				COPY_PHASE_STRIP = NO;
				DEBUG_INFORMATION_FORMAT = "dwarf-with-dsym";
				ENABLE_NS_ASSERTIONS = NO;
				ENABLE_STRICT_OBJC_MSGSEND = YES;
				ENABLE_USER_SCRIPT_SANDBOXING = YES;
				GCC_C_LANGUAGE_STANDARD = gnu17;
				GCC_NO_COMMON_BLOCKS = YES;
				GCC_WARN_64_TO_32_BIT_CONVERSION = YES;
				GCC_WARN_ABOUT_RETURN_TYPE = YES_ERROR;
				GCC_WARN_UNDECLARED_SELECTOR = YES;
				GCC_WARN_UNINITIALIZED_AUTOS = YES_AGGRESSIVE;
				GCC_WARN_UNUSED_FUNCTION = YES;
				GCC_WARN_UNUSED_VARIABLE = YES;
				IPHONEOS_DEPLOYMENT_TARGET = 17.0;
				LOCALIZATION_PREFERS_STRING_CATALOGS = YES;
				MTL_ENABLE_DEBUG_INFO = NO;
				MTL_FAST_MATH = YES;
				SDKROOT = iphoneos;
				SWIFT_COMPILATION_MODE = wholemodule;
				VALIDATE_PRODUCT = YES;
			};
			name = Release;
		};
		1E90E80F2C7FFA750063FA1C /* Debug */ = {
			isa = XCBuildConfiguration;
			buildSettings = {
				ASSETCATALOG_COMPILER_APPICON_NAME = AppIcon;
				ASSETCATALOG_COMPILER_GLOBAL_ACCENT_COLOR_NAME = AccentColor;
				CODE_SIGN_STYLE = Automatic;
				CURRENT_PROJECT_VERSION = 1;
				GENERATE_INFOPLIST_FILE = YES;
				INFOPLIST_FILE = WeatherMapsApp/Info.plist;
				INFOPLIST_KEY_UIApplicationSupportsIndirectInputEvents = YES;
				INFOPLIST_KEY_UILaunchStoryboardName = LaunchScreen;
				INFOPLIST_KEY_UIMainStoryboardFile = Main;
				INFOPLIST_KEY_UISupportedInterfaceOrientations_iPad = "UIInterfaceOrientationPortrait UIInterfaceOrientationPortraitUpsideDown UIInterfaceOrientationLandscapeLeft UIInterfaceOrientationLandscapeRight";
				INFOPLIST_KEY_UISupportedInterfaceOrientations_iPhone = "UIInterfaceOrientationPortrait UIInterfaceOrientationLandscapeLeft UIInterfaceOrientationLandscapeRight";
				LD_RUNPATH_SEARCH_PATHS = (
					"$(inherited)",
					"@executable_path/Frameworks",
				);
				MARKETING_VERSION = 1.0;
				PRODUCT_BUNDLE_IDENTIFIER = com.ameneses.WeatherMapsApp;
				PRODUCT_NAME = "$(TARGET_NAME)";
				SWIFT_EMIT_LOC_STRINGS = YES;
				SWIFT_VERSION = 5.0;
				TARGETED_DEVICE_FAMILY = "1,2";
			};
			name = Debug;
		};
		1E90E8102C7FFA750063FA1C /* Release */ = {
			isa = XCBuildConfiguration;
			buildSettings = {
				ASSETCATALOG_COMPILER_APPICON_NAME = AppIcon;
				ASSETCATALOG_COMPILER_GLOBAL_ACCENT_COLOR_NAME = AccentColor;
				CODE_SIGN_STYLE = Automatic;
				CURRENT_PROJECT_VERSION = 1;
				GENERATE_INFOPLIST_FILE = YES;
				INFOPLIST_FILE = WeatherMapsApp/Info.plist;
				INFOPLIST_KEY_UIApplicationSupportsIndirectInputEvents = YES;
				INFOPLIST_KEY_UILaunchStoryboardName = LaunchScreen;
				INFOPLIST_KEY_UIMainStoryboardFile = Main;
				INFOPLIST_KEY_UISupportedInterfaceOrientations_iPad = "UIInterfaceOrientationPortrait UIInterfaceOrientationPortraitUpsideDown UIInterfaceOrientationLandscapeLeft UIInterfaceOrientationLandscapeRight";
				INFOPLIST_KEY_UISupportedInterfaceOrientations_iPhone = "UIInterfaceOrientationPortrait UIInterfaceOrientationLandscapeLeft UIInterfaceOrientationLandscapeRight";
				LD_RUNPATH_SEARCH_PATHS = (
					"$(inherited)",
					"@executable_path/Frameworks",
				);
				MARKETING_VERSION = 1.0;
				PRODUCT_BUNDLE_IDENTIFIER = com.ameneses.WeatherMapsApp;
				PRODUCT_NAME = "$(TARGET_NAME)";
				SWIFT_EMIT_LOC_STRINGS = YES;
				SWIFT_VERSION = 5.0;
				TARGETED_DEVICE_FAMILY = "1,2";
			};
			name = Release;
		};
		1E90E8122C7FFA750063FA1C /* Debug */ = {
			isa = XCBuildConfiguration;
			buildSettings = {
				ALWAYS_EMBED_SWIFT_STANDARD_LIBRARIES = YES;
				BUNDLE_LOADER = "$(TEST_HOST)";
				CODE_SIGN_STYLE = Automatic;
				CURRENT_PROJECT_VERSION = 1;
				GENERATE_INFOPLIST_FILE = YES;
				IPHONEOS_DEPLOYMENT_TARGET = 17.0;
				MARKETING_VERSION = 1.0;
				PRODUCT_BUNDLE_IDENTIFIER = com.ameneses.WeatherMapsAppTests;
				PRODUCT_NAME = "$(TARGET_NAME)";
				SWIFT_EMIT_LOC_STRINGS = NO;
				SWIFT_VERSION = 5.0;
				TARGETED_DEVICE_FAMILY = "1,2";
				TEST_HOST = "$(BUILT_PRODUCTS_DIR)/WeatherMapsApp.app/$(BUNDLE_EXECUTABLE_FOLDER_PATH)/WeatherMapsApp";
			};
			name = Debug;
		};
		1E90E8132C7FFA750063FA1C /* Release */ = {
			isa = XCBuildConfiguration;
			buildSettings = {
				ALWAYS_EMBED_SWIFT_STANDARD_LIBRARIES = YES;
				BUNDLE_LOADER = "$(TEST_HOST)";
				CODE_SIGN_STYLE = Automatic;
				CURRENT_PROJECT_VERSION = 1;
				GENERATE_INFOPLIST_FILE = YES;
				IPHONEOS_DEPLOYMENT_TARGET = 17.0;
				MARKETING_VERSION = 1.0;
				PRODUCT_BUNDLE_IDENTIFIER = com.ameneses.WeatherMapsAppTests;
				PRODUCT_NAME = "$(TARGET_NAME)";
				SWIFT_EMIT_LOC_STRINGS = NO;
				SWIFT_VERSION = 5.0;
				TARGETED_DEVICE_FAMILY = "1,2";
				TEST_HOST = "$(BUILT_PRODUCTS_DIR)/WeatherMapsApp.app/$(BUNDLE_EXECUTABLE_FOLDER_PATH)/WeatherMapsApp";
			};
			name = Release;
		};
		1E90E8152C7FFA750063FA1C /* Debug */ = {
			isa = XCBuildConfiguration;
			buildSettings = {
				ALWAYS_EMBED_SWIFT_STANDARD_LIBRARIES = YES;
				CODE_SIGN_STYLE = Automatic;
				CURRENT_PROJECT_VERSION = 1;
				GENERATE_INFOPLIST_FILE = YES;
				MARKETING_VERSION = 1.0;
				PRODUCT_BUNDLE_IDENTIFIER = com.ameneses.WeatherMapsAppUITests;
				PRODUCT_NAME = "$(TARGET_NAME)";
				SWIFT_EMIT_LOC_STRINGS = NO;
				SWIFT_VERSION = 5.0;
				TARGETED_DEVICE_FAMILY = "1,2";
				TEST_TARGET_NAME = WeatherMapsApp;
			};
			name = Debug;
		};
		1E90E8162C7FFA750063FA1C /* Release */ = {
			isa = XCBuildConfiguration;
			buildSettings = {
				ALWAYS_EMBED_SWIFT_STANDARD_LIBRARIES = YES;
				CODE_SIGN_STYLE = Automatic;
				CURRENT_PROJECT_VERSION = 1;
				GENERATE_INFOPLIST_FILE = YES;
				MARKETING_VERSION = 1.0;
				PRODUCT_BUNDLE_IDENTIFIER = com.ameneses.WeatherMapsAppUITests;
				PRODUCT_NAME = "$(TARGET_NAME)";
				SWIFT_EMIT_LOC_STRINGS = NO;
				SWIFT_VERSION = 5.0;
				TARGETED_DEVICE_FAMILY = "1,2";
				TEST_TARGET_NAME = WeatherMapsApp;
			};
			name = Release;
		};
/* End XCBuildConfiguration section */

/* Begin XCConfigurationList section */
		1E90E7DF2C7FFA730063FA1C /* Build configuration list for PBXProject "WeatherMapsApp" */ = {
			isa = XCConfigurationList;
			buildConfigurations = (
				1E90E80C2C7FFA750063FA1C /* Debug */,
				1E90E80D2C7FFA750063FA1C /* Release */,
			);
			defaultConfigurationIsVisible = 0;
			defaultConfigurationName = Release;
		};
		1E90E80E2C7FFA750063FA1C /* Build configuration list for PBXNativeTarget "WeatherMapsApp" */ = {
			isa = XCConfigurationList;
			buildConfigurations = (
				1E90E80F2C7FFA750063FA1C /* Debug */,
				1E90E8102C7FFA750063FA1C /* Release */,
			);
			defaultConfigurationIsVisible = 0;
			defaultConfigurationName = Release;
		};
		1E90E8112C7FFA750063FA1C /* Build configuration list for PBXNativeTarget "WeatherMapsAppTests" */ = {
			isa = XCConfigurationList;
			buildConfigurations = (
				1E90E8122C7FFA750063FA1C /* Debug */,
				1E90E8132C7FFA750063FA1C /* Release */,
			);
			defaultConfigurationIsVisible = 0;
			defaultConfigurationName = Release;
		};
		1E90E8142C7FFA750063FA1C /* Build configuration list for PBXNativeTarget "WeatherMapsAppUITests" */ = {
			isa = XCConfigurationList;
			buildConfigurations = (
				1E90E8152C7FFA750063FA1C /* Debug */,
				1E90E8162C7FFA750063FA1C /* Release */,
			);
			defaultConfigurationIsVisible = 0;
			defaultConfigurationName = Release;
		};
/* End XCConfigurationList section */
	};
	rootObject = 1E90E7DC2C7FFA730063FA1C /* Project object */;
}
